
Microsoft Visual Studio Solution File, Format Version 12.00
# Visual Studio 2012
Project("{FAE04EC0-301F-11D3-BF4B-00C04F79EFBC}") = "ParseTester", "ParseTester\ParseTester.csproj", "{E2C72A99-126C-4160-A6DE-740B66BCA76B}"
EndProject
Global
	GlobalSection(SolutionConfigurationPlatforms) = preSolution
		Debug|iPhoneSimulator = Debug|iPhoneSimulator
		Release|iPhoneSimulator = Release|iPhoneSimulator
		Debug|iPhone = Debug|iPhone
		Release|iPhone = Release|iPhone
		Ad-Hoc|iPhone = Ad-Hoc|iPhone
		AppStore|iPhone = AppStore|iPhone
	EndGlobalSection
	GlobalSection(ProjectConfigurationPlatforms) = postSolution
		{E2C72A99-126C-4160-A6DE-740B66BCA76B}.Ad-Hoc|iPhone.ActiveCfg = Ad-Hoc|iPhone
		{E2C72A99-126C-4160-A6DE-740B66BCA76B}.Ad-Hoc|iPhone.Build.0 = Ad-Hoc|iPhone
		{E2C72A99-126C-4160-A6DE-740B66BCA76B}.AppStore|iPhone.ActiveCfg = AppStore|iPhone
		{E2C72A99-126C-4160-A6DE-740B66BCA76B}.AppStore|iPhone.Build.0 = AppStore|iPhone
		{E2C72A99-126C-4160-A6DE-740B66BCA76B}.Debug|iPhone.ActiveCfg = Debug|iPhone
		{E2C72A99-126C-4160-A6DE-740B66BCA76B}.Debug|iPhone.Build.0 = Debug|iPhone
		{E2C72A99-126C-4160-A6DE-740B66BCA76B}.Debug|iPhoneSimulator.ActiveCfg = Debug|iPhoneSimulator
		{E2C72A99-126C-4160-A6DE-740B66BCA76B}.Debug|iPhoneSimulator.Build.0 = Debug|iPhoneSimulator
		{E2C72A99-126C-4160-A6DE-740B66BCA76B}.Release|iPhone.ActiveCfg = Release|iPhone
		{E2C72A99-126C-4160-A6DE-740B66BCA76B}.Release|iPhone.Build.0 = Release|iPhone
		{E2C72A99-126C-4160-A6DE-740B66BCA76B}.Release|iPhoneSimulator.ActiveCfg = Release|iPhoneSimulator
		{E2C72A99-126C-4160-A6DE-740B66BCA76B}.Release|iPhoneSimulator.Build.0 = Release|iPhoneSimulator
	EndGlobalSection
	GlobalSection(MonoDevelopProperties) = preSolution
		StartupItem = ParseTester\ParseTester.csproj
	EndGlobalSection
EndGlobal
